
Microsoft Visual Studio Solution File, Format Version 11.00
# Visual Studio 2010
Project("{FAE04EC0-301F-11D3-BF4B-00C04F79EFBC}") = "ReallyPainfulGame", "ReallyPainfulGame\ReallyPainfulGame.csproj", "{A0E60F91-3ABB-43D5-9739-618AE967A75B}"
EndProject
Global
	GlobalSection(SolutionConfigurationPlatforms) = preSolution
		Debug|x86 = Debug|x86
		Release|x86 = Release|x86
	EndGlobalSection
	GlobalSection(ProjectConfigurationPlatforms) = postSolution
		{A0E60F91-3ABB-43D5-9739-618AE967A75B}.Debug|x86.ActiveCfg = Debug|x86
		{A0E60F91-3ABB-43D5-9739-618AE967A75B}.Debug|x86.Build.0 = Debug|x86
		{A0E60F91-3ABB-43D5-9739-618AE967A75B}.Release|x86.ActiveCfg = Release|x86
		{A0E60F91-3ABB-43D5-9739-618AE967A75B}.Release|x86.Build.0 = Release|x86
	EndGlobalSection
	GlobalSection(SolutionProperties) = preSolution
		HideSolutionNode = FALSE
	EndGlobalSection
EndGlobal
